
Microsoft Visual Studio Solution File, Format Version 12.00
# Visual Studio Version 17
VisualStudioVersion = 17.5.33424.131
MinimumVisualStudioVersion = 10.0.40219.1
Project("{FAE04EC0-301F-11D3-BF4B-00C04F79EFBC}") = "Atividades POO Caua Silva e Gabriel Faria", "Eleição\Atividades POO Caua Silva e Gabriel Faria.csproj", "{E17CAF06-3885-4ED6-928B-F1788C9174C0}"
EndProject
Global
	GlobalSection(SolutionConfigurationPlatforms) = preSolution
		Debug|Any CPU = Debug|Any CPU
		Release|Any CPU = Release|Any CPU
	EndGlobalSection
	GlobalSection(ProjectConfigurationPlatforms) = postSolution
		{E17CAF06-3885-4ED6-928B-F1788C9174C0}.Debug|Any CPU.ActiveCfg = Debug|Any CPU
		{E17CAF06-3885-4ED6-928B-F1788C9174C0}.Debug|Any CPU.Build.0 = Debug|Any CPU
		{E17CAF06-3885-4ED6-928B-F1788C9174C0}.Release|Any CPU.ActiveCfg = Release|Any CPU
		{E17CAF06-3885-4ED6-928B-F1788C9174C0}.Release|Any CPU.Build.0 = Release|Any CPU
	EndGlobalSection
	GlobalSection(SolutionProperties) = preSolution
		HideSolutionNode = FALSE
	EndGlobalSection
	GlobalSection(ExtensibilityGlobals) = postSolution
		SolutionGuid = {02563612-059D-4C19-ADA3-096E2F98DF37}
	EndGlobalSection
EndGlobal
